
Microsoft Visual Studio Solution File, Format Version 12.00
# Visual Studio Version 16
VisualStudioVersion = 16.0.30413.136
MinimumVisualStudioVersion = 10.0.40219.1
Project("{9A19103F-16F7-4668-BE54-9A1E7A4F7556}") = "ContosoCrafts Website", "ContosoCrafts Website\ContosoCrafts Website.csproj", "{F1A335B5-934B-4687-82BE-59C5246DDDC6}"
EndProject
Global
	GlobalSection(SolutionConfigurationPlatforms) = preSolution
		Debug|Any CPU = Debug|Any CPU
		Release|Any CPU = Release|Any CPU
	EndGlobalSection
	GlobalSection(ProjectConfigurationPlatforms) = postSolution
		{F1A335B5-934B-4687-82BE-59C5246DDDC6}.Debug|Any CPU.ActiveCfg = Debug|Any CPU
		{F1A335B5-934B-4687-82BE-59C5246DDDC6}.Debug|Any CPU.Build.0 = Debug|Any CPU
		{F1A335B5-934B-4687-82BE-59C5246DDDC6}.Release|Any CPU.ActiveCfg = Release|Any CPU
		{F1A335B5-934B-4687-82BE-59C5246DDDC6}.Release|Any CPU.Build.0 = Release|Any CPU
	EndGlobalSection
	GlobalSection(SolutionProperties) = preSolution
		HideSolutionNode = FALSE
	EndGlobalSection
	GlobalSection(ExtensibilityGlobals) = postSolution
		SolutionGuid = {7C3D2572-7181-485F-8FFF-49862110A4DE}
	EndGlobalSection
EndGlobal
